// !$*UTF8*$!
{
	archiveVersion = 1;
	classes = {
	};
	objectVersion = 77;
	objects = {

/* Begin PBXBuildFile section */
		A9251F79303A3C8900891373 /* AppDelegate.swift in Sources */ = {isa = PBXBuildFile; fileRef = A9251F78303A3C8900891373 /* AppDelegate.swift */; };
		A9251F7D303A3C8900891373 /* Main.html in Resources */ = {isa = PBXBuildFile; fileRef = A9251F7B303A3C8900891373 /* Main.html */; };
		A9251F7F303A3C8900891373 /* Icon.png in Resources */ = {isa = PBXBuildFile; fileRef = A9251F7E303A3C8900891373 /* Icon.png */; };
		A9251F81303A3C8900891373 /* Style.css in Resources */ = {isa = PBXBuildFile; fileRef = A9251F80303A3C8900891373 /* Style.css */; };
		A9251F83303A3C8900891373 /* Script.js in Resources */ = {isa = PBXBuildFile; fileRef = A9251F82303A3C8900891373 /* Script.js */; };
		A9251F85303A3C8A00891373 /* ViewController.swift in Sources */ = {isa = PBXBuildFile; fileRef = A9251F84303A3C8A00891373 /* ViewController.swift */; };
		A9251F88303A3C8A00891373 /* Main.storyboard in Resources */ = {isa = PBXBuildFile; fileRef = A9251F86303A3C8A00891373 /* Main.storyboard */; };
		A9251F8A303A3C8B00891373 /* Assets.xcassets in Resources */ = {isa = PBXBuildFile; fileRef = A9251F89303A3C8B00891373 /* Assets.xcassets */; };
		A9251F91303A3C8B00891373 /* Weedout for YouTube Extension.appex in Embed Foundation Extensions */ = {isa = PBXBuildFile; fileRef = A9251F90303A3C8B00891373 /* Weedout for YouTube Extension.appex */; settings = {ATTRIBUTES = (RemoveHeadersOnCopy, ); }; };
		A9251F96303A3C8B00891373 /* SafariWebExtensionHandler.swift in Sources */ = {isa = PBXBuildFile; fileRef = A9251F95303A3C8B00891373 /* SafariWebExtensionHandler.swift */; };
		A9251FA9303A3C8B00891373 /* popup.js in Resources */ = {isa = PBXBuildFile; fileRef = A9251FA2303A3C8B00891373 /* popup.js */; };
		A9251FAA303A3C8B00891373 /* content.css in Resources */ = {isa = PBXBuildFile; fileRef = A9251FA3303A3C8B00891373 /* content.css */; };
		A9251FAB303A3C8B00891373 /* popup.html in Resources */ = {isa = PBXBuildFile; fileRef = A9251FA4303A3C8B00891373 /* popup.html */; };
		A9251FAC303A3C8B00891373 /* icons in Resources */ = {isa = PBXBuildFile; fileRef = A9251FA5303A3C8B00891373 /* icons */; };
		A9251FAD303A3C8B00891373 /* manifest.json in Resources */ = {isa = PBXBuildFile; fileRef = A9251FA6303A3C8B00891373 /* manifest.json */; };
		A9251FAE303A3C8B00891373 /* popup.css in Resources */ = {isa = PBXBuildFile; fileRef = A9251FA7303A3C8B00891373 /* popup.css */; };
		A9251FAF303A3C8B00891373 /* content.js in Resources */ = {isa = PBXBuildFile; fileRef = A9251FA8303A3C8B00891373 /* content.js */; };
/* End PBXBuildFile section */

/* Begin PBXContainerItemProxy section */
		A9251F92303A3C8B00891373 /* PBXContainerItemProxy */ = {
			isa = PBXContainerItemProxy;
			containerPortal = A9251F6D303A3C8900891373 /* Project object */;
			proxyType = 1;
			remoteGlobalIDString = A9251F8F303A3C8B00891373;
			remoteInfo = "Weedout for YouTube Extension";
		};
/* End PBXContainerItemProxy section */

/* Begin PBXCopyFilesBuildPhase section */
		A9251F9D303A3C8B00891373 /* Embed Foundation Extensions */ = {
			isa = PBXCopyFilesBuildPhase;
			dstPath = "";
			dstSubfolder = PlugIns;
			files = (
				A9251F91303A3C8B00891373 /* Weedout for YouTube Extension.appex in Embed Foundation Extensions */,
			);
			name = "Embed Foundation Extensions";
		};
/* End PBXCopyFilesBuildPhase section */

/* Begin PBXFileReference section */
		A9251F75303A3C8900891373 /* Weedout for YouTube.app */ = {isa = PBXFileReference; explicitFileType = wrapper.application; includeInIndex = 0; path = "Weedout for YouTube.app"; sourceTree = BUILT_PRODUCTS_DIR; };
		A9251F78303A3C8900891373 /* AppDelegate.swift */ = {isa = PBXFileReference; lastKnownFileType = sourcecode.swift; path = AppDelegate.swift; sourceTree = "<group>"; };
		A9251F7C303A3C8900891373 /* Base */ = {isa = PBXFileReference; lastKnownFileType = text.html; name = Base; path = Base.lproj/Main.html; sourceTree = "<group>"; };
		A9251F7E303A3C8900891373 /* Icon.png */ = {isa = PBXFileReference; lastKnownFileType = image.png; path = Icon.png; sourceTree = "<group>"; };
		A9251F80303A3C8900891373 /* Style.css */ = {isa = PBXFileReference; lastKnownFileType = text.css; path = Style.css; sourceTree = "<group>"; };
		A9251F82303A3C8900891373 /* Script.js */ = {isa = PBXFileReference; lastKnownFileType = sourcecode.javascript; path = Script.js; sourceTree = "<group>"; };
		A9251F84303A3C8A00891373 /* ViewController.swift */ = {isa = PBXFileReference; lastKnownFileType = sourcecode.swift; path = ViewController.swift; sourceTree = "<group>"; };
		A9251F87303A3C8A00891373 /* Base */ = {isa = PBXFileReference; lastKnownFileType = file.storyboard; name = Base; path = Base.lproj/Main.storyboard; sourceTree = "<group>"; };
		A9251F89303A3C8B00891373 /* Assets.xcassets */ = {isa = PBXFileReference; lastKnownFileType = folder.assetcatalog; path = Assets.xcassets; sourceTree = "<group>"; };
		A9251F8B303A3C8B00891373 /* Info.plist */ = {isa = PBXFileReference; lastKnownFileType = text.plist.xml; path = Info.plist; sourceTree = "<group>"; };
		A9251F90303A3C8B00891373 /* Weedout for YouTube Extension.appex */ = {isa = PBXFileReference; explicitFileType = "wrapper.app-extension"; includeInIndex = 0; path = "Weedout for YouTube Extension.appex"; sourceTree = BUILT_PRODUCTS_DIR; };
		A9251F95303A3C8B00891373 /* SafariWebExtensionHandler.swift */ = {isa = PBXFileReference; lastKnownFileType = sourcecode.swift; path = SafariWebExtensionHandler.swift; sourceTree = "<group>"; };
		A9251F97303A3C8B00891373 /* Info.plist */ = {isa = PBXFileReference; lastKnownFileType = text.plist.xml; path = Info.plist; sourceTree = "<group>"; };
		A9251FA2303A3C8B00891373 /* popup.js */ = {isa = PBXFileReference; lastKnownFileType = sourcecode.javascript; name = popup.js; path = Resources/popup.js; sourceTree = "<group>"; };
		A9251FA3303A3C8B00891373 /* content.css */ = {isa = PBXFileReference; lastKnownFileType = text.css; name = content.css; path = Resources/content.css; sourceTree = "<group>"; };
		A9251FA4303A3C8B00891373 /* popup.html */ = {isa = PBXFileReference; lastKnownFileType = text.html; name = popup.html; path = Resources/popup.html; sourceTree = "<group>"; };
		A9251FA5303A3C8B00891373 /* icons */ = {isa = PBXFileReference; lastKnownFileType = folder; name = icons; path = Resources/icons; sourceTree = "<group>"; };
		A9251FA6303A3C8B00891373 /* manifest.json */ = {isa = PBXFileReference; lastKnownFileType = text.json; name = manifest.json; path = Resources/manifest.json; sourceTree = "<group>"; };
		A9251FA7303A3C8B00891373 /* popup.css */ = {isa = PBXFileReference; lastKnownFileType = text.css; name = popup.css; path = Resources/popup.css; sourceTree = "<group>"; };
		A9251FA8303A3C8B00891373 /* content.js */ = {isa = PBXFileReference; lastKnownFileType = sourcecode.javascript; name = content.js; path = Resources/content.js; sourceTree = "<group>"; };
/* End PBXFileReference section */

/* Begin PBXFrameworksBuildPhase section */
		A9251F72303A3C8900891373 /* Frameworks */ = {
			isa = PBXFrameworksBuildPhase;
			files = (
			);
		};
		A9251F8D303A3C8B00891373 /* Frameworks */ = {
			isa = PBXFrameworksBuildPhase;
			files = (
			);
		};
/* End PBXFrameworksBuildPhase section */

/* Begin PBXGroup section */
		A9251F6C303A3C8900891373 = {
			isa = PBXGroup;
			children = (
				A9251F77303A3C8900891373 /* Weedout for YouTube */,
				A9251F94303A3C8B00891373 /* Weedout for YouTube Extension */,
				A9251F76303A3C8900891373 /* Products */,
			);
			sourceTree = "<group>";
		};
		A9251F76303A3C8900891373 /* Products */ = {
			isa = PBXGroup;
			children = (
				A9251F75303A3C8900891373 /* Weedout for YouTube.app */,
				A9251F90303A3C8B00891373 /* Weedout for YouTube Extension.appex */,
			);
			name = Products;
			sourceTree = "<group>";
		};
		A9251F77303A3C8900891373 /* Weedout for YouTube */ = {
			isa = PBXGroup;
			children = (
				A9251F78303A3C8900891373 /* AppDelegate.swift */,
				A9251F84303A3C8A00891373 /* ViewController.swift */,
				A9251F86303A3C8A00891373 /* Main.storyboard */,
				A9251F89303A3C8B00891373 /* Assets.xcassets */,
				A9251F8B303A3C8B00891373 /* Info.plist */,
				A9251F7A303A3C8900891373 /* Resources */,
			);
			path = "Weedout for YouTube";
			sourceTree = "<group>";
		};
		A9251F7A303A3C8900891373 /* Resources */ = {
			isa = PBXGroup;
			children = (
				A9251F7B303A3C8900891373 /* Main.html */,
				A9251F7E303A3C8900891373 /* Icon.png */,
				A9251F80303A3C8900891373 /* Style.css */,
				A9251F82303A3C8900891373 /* Script.js */,
			);
			path = Resources;
			sourceTree = "<group>";
		};
		A9251F94303A3C8B00891373 /* Weedout for YouTube Extension */ = {
			isa = PBXGroup;
			children = (
				A9251FA1303A3C8B00891373 /* Resources */,
				A9251F95303A3C8B00891373 /* SafariWebExtensionHandler.swift */,
				A9251F97303A3C8B00891373 /* Info.plist */,
			);
			path = "Weedout for YouTube Extension";
			sourceTree = "<group>";
		};
		A9251FA1303A3C8B00891373 /* Resources */ = {
			isa = PBXGroup;
			children = (
				A9251FA2303A3C8B00891373 /* popup.js */,
				A9251FA3303A3C8B00891373 /* content.css */,
				A9251FA4303A3C8B00891373 /* popup.html */,
				A9251FA5303A3C8B00891373 /* icons */,
				A9251FA6303A3C8B00891373 /* manifest.json */,
				A9251FA7303A3C8B00891373 /* popup.css */,
				A9251FA8303A3C8B00891373 /* content.js */,
			);
			name = Resources;
			path = "Weedout for YouTube Extension";
			sourceTree = SOURCE_ROOT;
		};
/* End PBXGroup section */

/* Begin PBXNativeTarget section */
		A9251F74303A3C8900891373 /* Weedout for YouTube */ = {
			isa = PBXNativeTarget;
			buildConfigurationList = A9251F9E303A3C8B00891373 /* Build configuration list for PBXNativeTarget "Weedout for YouTube" */;
			buildPhases = (
				A9251F71303A3C8900891373 /* Sources */,
				A9251F72303A3C8900891373 /* Frameworks */,
				A9251F73303A3C8900891373 /* Resources */,
				A9251F9D303A3C8B00891373 /* Embed Foundation Extensions */,
			);
			buildRules = (
			);
			dependencies = (
				A9251F93303A3C8B00891373 /* PBXTargetDependency */,
			);
			name = "Weedout for YouTube";
			productName = "Weedout for YouTube";
			productReference = A9251F75303A3C8900891373 /* Weedout for YouTube.app */;
			productType = "com.apple.product-type.application";
		};
		A9251F8F303A3C8B00891373 /* Weedout for YouTube Extension */ = {
			isa = PBXNativeTarget;
			buildConfigurationList = A9251F9A303A3C8B00891373 /* Build configuration list for PBXNativeTarget "Weedout for YouTube Extension" */;
			buildPhases = (
				A9251F8C303A3C8B00891373 /* Sources */,
				A9251F8D303A3C8B00891373 /* Frameworks */,
				A9251F8E303A3C8B00891373 /* Resources */,
			);
			buildRules = (
			);
			name = "Weedout for YouTube Extension";
			productName = "Weedout for YouTube Extension";
			productReference = A9251F90303A3C8B00891373 /* Weedout for YouTube Extension.appex */;
			productType = "com.apple.product-type.app-extension";
		};
/* End PBXNativeTarget section */

/* Begin PBXProject section */
		A9251F6D303A3C8900891373 /* Project object */ = {
			isa = PBXProject;
			attributes = {
				BuildIndependentTargetsInParallel = 1;
				LastSwiftUpdateCheck = 2700;
				LastUpgradeCheck = 2700;
				TargetAttributes = {
					A9251F74303A3C8900891373 = {
						CreatedOnToolsVersion = 27.0;
					};
					A9251F8F303A3C8B00891373 = {
						CreatedOnToolsVersion = 27.0;
					};
				};
			};
			buildConfigurationList = A9251F70303A3C8900891373 /* Build configuration list for PBXProject "Weedout for YouTube" */;
			developmentRegion = en;
			hasScannedForEncodings = 0;
			knownRegions = (
				en,
				Base,
			);
			mainGroup = A9251F6C303A3C8900891373;
			minimizedProjectReferenceProxies = 1;
			preferredProjectObjectVersion = 77;
			productRefGroup = A9251F76303A3C8900891373 /* Products */;
			projectDirPath = "";
			projectRoot = "";
			targets = (
				A9251F74303A3C8900891373 /* Weedout for YouTube */,
				A9251F8F303A3C8B00891373 /* Weedout for YouTube Extension */,
			);
		};
/* End PBXProject section */

/* Begin PBXResourcesBuildPhase section */
		A9251F73303A3C8900891373 /* Resources */ = {
			isa = PBXResourcesBuildPhase;
			files = (
				A9251F7F303A3C8900891373 /* Icon.png in Resources */,
				A9251F88303A3C8A00891373 /* Main.storyboard in Resources */,
				A9251F83303A3C8900891373 /* Script.js in Resources */,
				A9251F7D303A3C8900891373 /* Main.html in Resources */,
				A9251F8A303A3C8B00891373 /* Assets.xcassets in Resources */,
				A9251F81303A3C8900891373 /* Style.css in Resources */,
			);
		};
		A9251F8E303A3C8B00891373 /* Resources */ = {
			isa = PBXResourcesBuildPhase;
			files = (
				A9251FA9303A3C8B00891373 /* popup.js in Resources */,
				A9251FAC303A3C8B00891373 /* icons in Resources */,
				A9251FAE303A3C8B00891373 /* popup.css in Resources */,
				A9251FAD303A3C8B00891373 /* manifest.json in Resources */,
				A9251FAB303A3C8B00891373 /* popup.html in Resources */,
				A9251FAF303A3C8B00891373 /* content.js in Resources */,
				A9251FAA303A3C8B00891373 /* content.css in Resources */,
			);
		};
/* End PBXResourcesBuildPhase section */

/* Begin PBXSourcesBuildPhase section */
		A9251F71303A3C8900891373 /* Sources */ = {
			isa = PBXSourcesBuildPhase;
			files = (
				A9251F85303A3C8A00891373 /* ViewController.swift in Sources */,
				A9251F79303A3C8900891373 /* AppDelegate.swift in Sources */,
			);
		};
		A9251F8C303A3C8B00891373 /* Sources */ = {
			isa = PBXSourcesBuildPhase;
			files = (
				A9251F96303A3C8B00891373 /* SafariWebExtensionHandler.swift in Sources */,
			);
		};
/* End PBXSourcesBuildPhase section */

/* Begin PBXTargetDependency section */
		A9251F93303A3C8B00891373 /* PBXTargetDependency */ = {
			isa = PBXTargetDependency;
			target = A9251F8F303A3C8B00891373 /* Weedout for YouTube Extension */;
			targetProxy = A9251F92303A3C8B00891373 /* PBXContainerItemProxy */;
		};
/* End PBXTargetDependency section */

/* Begin PBXVariantGroup section */
		A9251F7B303A3C8900891373 /* Main.html */ = {
			isa = PBXVariantGroup;
			children = (
				A9251F7C303A3C8900891373 /* Base */,
			);
			name = Main.html;
			sourceTree = "<group>";
		};
		A9251F86303A3C8A00891373 /* Main.storyboard */ = {
			isa = PBXVariantGroup;
			children = (
				A9251F87303A3C8A00891373 /* Base */,
			);
			name = Main.storyboard;
			sourceTree = "<group>";
		};
/* End PBXVariantGroup section */

/* Begin XCBuildConfiguration section */
		A9251F98303A3C8B00891373 /* Debug configuration for PBXProject "Weedout for YouTube" */ = {
			isa = XCBuildConfiguration;
			buildSettings = {
				ALWAYS_SEARCH_USER_PATHS = NO;
				ASSETCATALOG_COMPILER_GENERATE_SWIFT_ASSET_SYMBOL_EXTENSIONS = YES;
				CLANG_ANALYZER_NONNULL = YES;
				CLANG_ANALYZER_NUMBER_OBJECT_CONVERSION = YES_AGGRESSIVE;
				CLANG_CXX_LANGUAGE_STANDARD = "gnu++20";
				CLANG_ENABLE_MODULES = YES;
				CLANG_ENABLE_OBJC_ARC = YES;
				CLANG_ENABLE_OBJC_WEAK = YES;
				CLANG_WARN_BLOCK_CAPTURE_AUTORELEASING = YES;
				CLANG_WARN_BOOL_CONVERSION = YES;
				CLANG_WARN_COMMA = YES;
				CLANG_WARN_CONSTANT_CONVERSION = YES;
				CLANG_WARN_DEPRECATED_OBJC_IMPLEMENTATIONS = YES;
				CLANG_WARN_DIRECT_OBJC_ISA_USAGE = YES_ERROR;
				CLANG_WARN_DOCUMENTATION_COMMENTS = YES;
				CLANG_WARN_EMPTY_BODY = YES;
				CLANG_WARN_ENUM_CONVERSION = YES;
				CLANG_WARN_INFINITE_RECURSION = YES;
				CLANG_WARN_INT_CONVERSION = YES;
				CLANG_WARN_NON_LITERAL_NULL_CONVERSION = YES;
				CLANG_WARN_OBJC_IMPLICIT_RETAIN_SELF = YES;
				CLANG_WARN_OBJC_LITERAL_CONVERSION = YES;
				CLANG_WARN_OBJC_ROOT_CLASS = YES_ERROR;
				CLANG_WARN_QUOTED_INCLUDE_IN_FRAMEWORK_HEADER = YES;
				CLANG_WARN_RANGE_LOOP_ANALYSIS = YES;
				CLANG_WARN_STRICT_PROTOTYPES = YES;
				CLANG_WARN_SUSPICIOUS_MOVE = YES;
				CLANG_WARN_UNGUARDED_AVAILABILITY = YES_AGGRESSIVE;
				CLANG_WARN_UNREACHABLE_CODE = YES;
				CLANG_WARN__DUPLICATE_METHOD_MATCH = YES;
				COPY_PHASE_STRIP = NO;
				DEBUG_INFORMATION_FORMAT = dwarf;
				ENABLE_STRICT_OBJC_MSGSEND = YES;
				ENABLE_TESTABILITY = YES;
				ENABLE_USER_SCRIPT_SANDBOXING = YES;
				GCC_C_LANGUAGE_STANDARD = gnu17;
				GCC_DYNAMIC_NO_PIC = NO;
				GCC_NO_COMMON_BLOCKS = YES;
				GCC_OPTIMIZATION_LEVEL = 0;
				GCC_PREPROCESSOR_DEFINITIONS = (
					"DEBUG=1",
					"$(inherited)",
				);
				GCC_WARN_64_TO_32_BIT_CONVERSION = YES;
				GCC_WARN_ABOUT_RETURN_TYPE = YES_ERROR;
				GCC_WARN_UNDECLARED_SELECTOR = YES;
				GCC_WARN_UNINITIALIZED_AUTOS = YES_AGGRESSIVE;
				GCC_WARN_UNUSED_FUNCTION = YES;
				GCC_WARN_UNUSED_VARIABLE = YES;
				LOCALIZATION_PREFERS_STRING_CATALOGS = YES;
				MACOSX_DEPLOYMENT_TARGET = 13.0;
				MTL_ENABLE_DEBUG_INFO = INCLUDE_SOURCE;
				MTL_FAST_MATH = YES;
				ONLY_ACTIVE_ARCH = YES;
				SDKROOT = macosx;
				SWIFT_ACTIVE_COMPILATION_CONDITIONS = "DEBUG $(inherited)";
				SWIFT_OPTIMIZATION_LEVEL = "-Onone";
			};
			name = Debug;
		};
		A9251F99303A3C8B00891373 /* Release configuration for PBXProject "Weedout for YouTube" */ = {
			isa = XCBuildConfiguration;
			buildSettings = {
				ALWAYS_SEARCH_USER_PATHS = NO;
				ASSETCATALOG_COMPILER_GENERATE_SWIFT_ASSET_SYMBOL_EXTENSIONS = YES;
				CLANG_ANALYZER_NONNULL = YES;
				CLANG_ANALYZER_NUMBER_OBJECT_CONVERSION = YES_AGGRESSIVE;
				CLANG_CXX_LANGUAGE_STANDARD = "gnu++20";
				CLANG_ENABLE_MODULES = YES;
				CLANG_ENABLE_OBJC_ARC = YES;
				CLANG_ENABLE_OBJC_WEAK = YES;
				CLANG_WARN_BLOCK_CAPTURE_AUTORELEASING = YES;
				CLANG_WARN_BOOL_CONVERSION = YES;
				CLANG_WARN_COMMA = YES;
				CLANG_WARN_CONSTANT_CONVERSION = YES;
				CLANG_WARN_DEPRECATED_OBJC_IMPLEMENTATIONS = YES;
				CLANG_WARN_DIRECT_OBJC_ISA_USAGE = YES_ERROR;
				CLANG_WARN_DOCUMENTATION_COMMENTS = YES;
				CLANG_WARN_EMPTY_BODY = YES;
				CLANG_WARN_ENUM_CONVERSION = YES;
				CLANG_WARN_INFINITE_RECURSION = YES;
				CLANG_WARN_INT_CONVERSION = YES;
				CLANG_WARN_NON_LITERAL_NULL_CONVERSION = YES;
				CLANG_WARN_OBJC_IMPLICIT_RETAIN_SELF = YES;
				CLANG_WARN_OBJC_LITERAL_CONVERSION = YES;
				CLANG_WARN_OBJC_ROOT_CLASS = YES_ERROR;
				CLANG_WARN_QUOTED_INCLUDE_IN_FRAMEWORK_HEADER = YES;
				CLANG_WARN_RANGE_LOOP_ANALYSIS = YES;
				CLANG_WARN_STRICT_PROTOTYPES = YES;
				CLANG_WARN_SUSPICIOUS_MOVE = YES;
				CLANG_WARN_UNGUARDED_AVAILABILITY = YES_AGGRESSIVE;
				CLANG_WARN_UNREACHABLE_CODE = YES;
				CLANG_WARN__DUPLICATE_METHOD_MATCH = YES;
				COPY_PHASE_STRIP = NO;
				DEBUG_INFORMATION_FORMAT = "dwarf-with-dsym";
				ENABLE_NS_ASSERTIONS = NO;
				ENABLE_STRICT_OBJC_MSGSEND = YES;
				ENABLE_USER_SCRIPT_SANDBOXING = YES;
				GCC_C_LANGUAGE_STANDARD = gnu17;
				GCC_NO_COMMON_BLOCKS = YES;
				GCC_WARN_64_TO_32_BIT_CONVERSION = YES;
				GCC_WARN_ABOUT_RETURN_TYPE = YES_ERROR;
				GCC_WARN_UNDECLARED_SELECTOR = YES;
				GCC_WARN_UNINITIALIZED_AUTOS = YES_AGGRESSIVE;
				GCC_WARN_UNUSED_FUNCTION = YES;
				GCC_WARN_UNUSED_VARIABLE = YES;
				LOCALIZATION_PREFERS_STRING_CATALOGS = YES;
				MACOSX_DEPLOYMENT_TARGET = 13.0;
				MTL_ENABLE_DEBUG_INFO = NO;
				MTL_FAST_MATH = YES;
				SDKROOT = macosx;
				SWIFT_COMPILATION_MODE = wholemodule;
			};
			name = Release;
		};
		A9251F9B303A3C8B00891373 /* Debug configuration for PBXNativeTarget "Weedout for YouTube Extension" */ = {
			isa = XCBuildConfiguration;
			buildSettings = {
				CODE_SIGN_STYLE = Automatic;
				CURRENT_PROJECT_VERSION = 1;
				ENABLE_APP_SANDBOX = YES;
				ENABLE_HARDENED_RUNTIME = YES;
				ENABLE_USER_SELECTED_FILES = readonly;
				GENERATE_INFOPLIST_FILE = YES;
				INFOPLIST_FILE = "Weedout for YouTube Extension/Info.plist";
				INFOPLIST_KEY_CFBundleDisplayName = "Weedout for YouTube Extension";
				INFOPLIST_KEY_NSHumanReadableCopyright = "© 2026 Weedout contributors";
				LD_RUNPATH_SEARCH_PATHS = (
					"$(inherited)",
					"@executable_path/../Frameworks",
					"@executable_path/../../../../Frameworks",
				);
				MACOSX_DEPLOYMENT_TARGET = 12.0;
				MARKETING_VERSION = 1.0;
				OTHER_LDFLAGS = (
					"-framework",
					SafariServices,
				);
				PRODUCT_BUNDLE_IDENTIFIER = org.weedout.app.extension;
				PRODUCT_NAME = "$(TARGET_NAME)";
				SKIP_INSTALL = YES;
				STRING_CATALOG_GENERATE_SYMBOLS = YES;
				SWIFT_APPROACHABLE_CONCURRENCY = YES;
				SWIFT_EMIT_LOC_STRINGS = YES;
				SWIFT_UPCOMING_FEATURE_MEMBER_IMPORT_VISIBILITY = YES;
				SWIFT_VERSION = 5.0;
			};
			name = Debug;
		};
		A9251F9C303A3C8B00891373 /* Release configuration for PBXNativeTarget "Weedout for YouTube Extension" */ = {
			isa = XCBuildConfiguration;
			buildSettings = {
				CODE_SIGN_STYLE = Automatic;
				CURRENT_PROJECT_VERSION = 1;
				ENABLE_APP_SANDBOX = YES;
				ENABLE_HARDENED_RUNTIME = YES;
				ENABLE_USER_SELECTED_FILES = readonly;
				GENERATE_INFOPLIST_FILE = YES;
				INFOPLIST_FILE = "Weedout for YouTube Extension/Info.plist";
				INFOPLIST_KEY_CFBundleDisplayName = "Weedout for YouTube Extension";
				INFOPLIST_KEY_NSHumanReadableCopyright = "© 2026 Weedout contributors";
				LD_RUNPATH_SEARCH_PATHS = (
					"$(inherited)",
					"@executable_path/../Frameworks",
					"@executable_path/../../../../Frameworks",
				);
				MACOSX_DEPLOYMENT_TARGET = 12.0;
				MARKETING_VERSION = 1.0;
				OTHER_LDFLAGS = (
					"-framework",
					SafariServices,
				);
				PRODUCT_BUNDLE_IDENTIFIER = org.weedout.app.extension;
				PRODUCT_NAME = "$(TARGET_NAME)";
				SKIP_INSTALL = YES;
				STRING_CATALOG_GENERATE_SYMBOLS = YES;
				SWIFT_APPROACHABLE_CONCURRENCY = YES;
				SWIFT_EMIT_LOC_STRINGS = YES;
				SWIFT_UPCOMING_FEATURE_MEMBER_IMPORT_VISIBILITY = YES;
				SWIFT_VERSION = 5.0;
			};
			name = Release;
		};
		A9251F9F303A3C8B00891373 /* Debug configuration for PBXNativeTarget "Weedout for YouTube" */ = {
			isa = XCBuildConfiguration;
			buildSettings = {
				ASSETCATALOG_COMPILER_APPICON_NAME = AppIcon;
				ASSETCATALOG_COMPILER_GLOBAL_ACCENT_COLOR_NAME = AccentColor;
				CODE_SIGN_STYLE = Automatic;
				COMBINE_HIDPI_IMAGES = YES;
				CURRENT_PROJECT_VERSION = 1;
				ENABLE_APP_SANDBOX = YES;
				ENABLE_HARDENED_RUNTIME = YES;
				ENABLE_OUTGOING_NETWORK_CONNECTIONS = YES;
				ENABLE_USER_SELECTED_FILES = readonly;
				GENERATE_INFOPLIST_FILE = YES;
				INFOPLIST_FILE = "Weedout for YouTube/Info.plist";
				INFOPLIST_KEY_CFBundleDisplayName = "Weedout for YouTube";
				INFOPLIST_KEY_LSApplicationCategoryType = "public.app-category.utilities";
				INFOPLIST_KEY_NSHumanReadableCopyright = "© 2026 Weedout contributors";
				INFOPLIST_KEY_NSMainStoryboardFile = Main;
				INFOPLIST_KEY_NSPrincipalClass = NSApplication;
				LD_RUNPATH_SEARCH_PATHS = (
					"$(inherited)",
					"@executable_path/../Frameworks",
				);
				MARKETING_VERSION = 1.0;
				OTHER_LDFLAGS = (
					"-framework",
					SafariServices,
					"-framework",
					WebKit,
				);
				PRODUCT_BUNDLE_IDENTIFIER = org.weedout.app;
				PRODUCT_NAME = "$(TARGET_NAME)";
				REGISTER_APP_GROUPS = YES;
				STRING_CATALOG_GENERATE_SYMBOLS = YES;
				SWIFT_APPROACHABLE_CONCURRENCY = YES;
				SWIFT_DEFAULT_ACTOR_ISOLATION = MainActor;
				SWIFT_EMIT_LOC_STRINGS = YES;
				SWIFT_UPCOMING_FEATURE_MEMBER_IMPORT_VISIBILITY = YES;
				SWIFT_VERSION = 5.0;
			};
			name = Debug;
		};
		A9251FA0303A3C8B00891373 /* Release configuration for PBXNativeTarget "Weedout for YouTube" */ = {
			isa = XCBuildConfiguration;
			buildSettings = {
				ASSETCATALOG_COMPILER_APPICON_NAME = AppIcon;
				ASSETCATALOG_COMPILER_GLOBAL_ACCENT_COLOR_NAME = AccentColor;
				CODE_SIGN_STYLE = Automatic;
				COMBINE_HIDPI_IMAGES = YES;
				CURRENT_PROJECT_VERSION = 1;
				ENABLE_APP_SANDBOX = YES;
				ENABLE_HARDENED_RUNTIME = YES;
				ENABLE_OUTGOING_NETWORK_CONNECTIONS = YES;
				ENABLE_USER_SELECTED_FILES = readonly;
				GENERATE_INFOPLIST_FILE = YES;
				INFOPLIST_FILE = "Weedout for YouTube/Info.plist";
				INFOPLIST_KEY_CFBundleDisplayName = "Weedout for YouTube";
				INFOPLIST_KEY_LSApplicationCategoryType = "public.app-category.utilities";
				INFOPLIST_KEY_NSHumanReadableCopyright = "© 2026 Weedout contributors";
				INFOPLIST_KEY_NSMainStoryboardFile = Main;
				INFOPLIST_KEY_NSPrincipalClass = NSApplication;
				LD_RUNPATH_SEARCH_PATHS = (
					"$(inherited)",
					"@executable_path/../Frameworks",
				);
				MARKETING_VERSION = 1.0;
				OTHER_LDFLAGS = (
					"-framework",
					SafariServices,
					"-framework",
					WebKit,
				);
				PRODUCT_BUNDLE_IDENTIFIER = org.weedout.app;
				PRODUCT_NAME = "$(TARGET_NAME)";
				REGISTER_APP_GROUPS = YES;
				STRING_CATALOG_GENERATE_SYMBOLS = YES;
				SWIFT_APPROACHABLE_CONCURRENCY = YES;
				SWIFT_DEFAULT_ACTOR_ISOLATION = MainActor;
				SWIFT_EMIT_LOC_STRINGS = YES;
				SWIFT_UPCOMING_FEATURE_MEMBER_IMPORT_VISIBILITY = YES;
				SWIFT_VERSION = 5.0;
			};
			name = Release;
		};
/* End XCBuildConfiguration section */

/* Begin XCConfigurationList section */
		A9251F70303A3C8900891373 /* Build configuration list for PBXProject "Weedout for YouTube" */ = {
			isa = XCConfigurationList;
			buildConfigurations = (
				A9251F98303A3C8B00891373 /* Debug configuration for PBXProject "Weedout for YouTube" */,
				A9251F99303A3C8B00891373 /* Release configuration for PBXProject "Weedout for YouTube" */,
			);
			defaultConfigurationName = Release;
		};
		A9251F9A303A3C8B00891373 /* Build configuration list for PBXNativeTarget "Weedout for YouTube Extension" */ = {
			isa = XCConfigurationList;
			buildConfigurations = (
				A9251F9B303A3C8B00891373 /* Debug configuration for PBXNativeTarget "Weedout for YouTube Extension" */,
				A9251F9C303A3C8B00891373 /* Release configuration for PBXNativeTarget "Weedout for YouTube Extension" */,
			);
			defaultConfigurationName = Release;
		};
		A9251F9E303A3C8B00891373 /* Build configuration list for PBXNativeTarget "Weedout for YouTube" */ = {
			isa = XCConfigurationList;
			buildConfigurations = (
				A9251F9F303A3C8B00891373 /* Debug configuration for PBXNativeTarget "Weedout for YouTube" */,
				A9251FA0303A3C8B00891373 /* Release configuration for PBXNativeTarget "Weedout for YouTube" */,
			);
			defaultConfigurationName = Release;
		};
/* End XCConfigurationList section */
	};
	rootObject = A9251F6D303A3C8900891373 /* Project object */;
	validationLevel = 1;
}
